
Microsoft Visual Studio Solution File, Format Version 12.00
# Visual Studio Version 17
VisualStudioVersion = 17.4.33213.308
MinimumVisualStudioVersion = 10.0.40219.1
Project("{FAE04EC0-301F-11D3-BF4B-00C04F79EFBC}") = "LAba5(1)", "LAba5(1)\LAba5(1).csproj", "{B000E7C9-613F-4FDF-B98C-13DD74FB9897}"
EndProject
Global
	GlobalSection(SolutionConfigurationPlatforms) = preSolution
		Debug|Any CPU = Debug|Any CPU
		Release|Any CPU = Release|Any CPU
	EndGlobalSection
	GlobalSection(ProjectConfigurationPlatforms) = postSolution
		{B000E7C9-613F-4FDF-B98C-13DD74FB9897}.Debug|Any CPU.ActiveCfg = Debug|Any CPU
		{B000E7C9-613F-4FDF-B98C-13DD74FB9897}.Debug|Any CPU.Build.0 = Debug|Any CPU
		{B000E7C9-613F-4FDF-B98C-13DD74FB9897}.Release|Any CPU.ActiveCfg = Release|Any CPU
		{B000E7C9-613F-4FDF-B98C-13DD74FB9897}.Release|Any CPU.Build.0 = Release|Any CPU
	EndGlobalSection
	GlobalSection(SolutionProperties) = preSolution
		HideSolutionNode = FALSE
	EndGlobalSection
	GlobalSection(ExtensibilityGlobals) = postSolution
		SolutionGuid = {4DC6D11C-D068-4563-A4F6-257F5E0056C3}
	EndGlobalSection
EndGlobal
